{
  "object": {
    "pins": [
      {
        "package": "FoundationExtended",
        "repositoryURL": "https://github.com/IsaacXen/FoundationExtended.git",
        "state": {
          "branch": null,
          "revision": "8c79c98d70d29ecd082a36a598bad3b62f734a19",
          "version": "0.2.2"
        }
      }
    ]
  },
  "version": 1
}
